
Microsoft Visual Studio Solution File, Format Version 12.00
# Visual Studio Version 17
VisualStudioVersion = 17.2.32630.192
MinimumVisualStudioVersion = 10.0.40219.1
Project("{FAE04EC0-301F-11D3-BF4B-00C04F79EFBC}") = "AgHW6_T1", "AgHW6_T1\AgHW6_T1.csproj", "{6AD0D6D7-DA93-4805-A2C6-18B990929225}"
EndProject
Global
	GlobalSection(SolutionConfigurationPlatforms) = preSolution
		Debug|Any CPU = Debug|Any CPU
		Release|Any CPU = Release|Any CPU
	EndGlobalSection
	GlobalSection(ProjectConfigurationPlatforms) = postSolution
		{6AD0D6D7-DA93-4805-A2C6-18B990929225}.Debug|Any CPU.ActiveCfg = Debug|Any CPU
		{6AD0D6D7-DA93-4805-A2C6-18B990929225}.Debug|Any CPU.Build.0 = Debug|Any CPU
		{6AD0D6D7-DA93-4805-A2C6-18B990929225}.Release|Any CPU.ActiveCfg = Release|Any CPU
		{6AD0D6D7-DA93-4805-A2C6-18B990929225}.Release|Any CPU.Build.0 = Release|Any CPU
	EndGlobalSection
	GlobalSection(SolutionProperties) = preSolution
		HideSolutionNode = FALSE
	EndGlobalSection
	GlobalSection(ExtensibilityGlobals) = postSolution
		SolutionGuid = {1049A6B0-F03E-44A9-83CC-B584FF15EA25}
	EndGlobalSection
EndGlobal
